
Microsoft Visual Studio Solution File, Format Version 12.00
# Visual Studio Version 17
VisualStudioVersion = 17.5.33424.131
MinimumVisualStudioVersion = 10.0.40219.1
Project("{FAE04EC0-301F-11D3-BF4B-00C04F79EFBC}") = "ADONetOrnek1", "ADONetOrnek1\ADONetOrnek1.csproj", "{F195C94C-BE9D-4FB8-AD40-423055C1CB79}"
EndProject
Project("{FAE04EC0-301F-11D3-BF4B-00C04F79EFBC}") = "ADONetOrnek2", "ADONetOrnek2\ADONetOrnek2.csproj", "{651F1D15-70BE-48C7-983C-4947623BEE5A}"
EndProject
Global
	GlobalSection(SolutionConfigurationPlatforms) = preSolution
		Debug|Any CPU = Debug|Any CPU
		Release|Any CPU = Release|Any CPU
	EndGlobalSection
	GlobalSection(ProjectConfigurationPlatforms) = postSolution
		{F195C94C-BE9D-4FB8-AD40-423055C1CB79}.Debug|Any CPU.ActiveCfg = Debug|Any CPU
		{F195C94C-BE9D-4FB8-AD40-423055C1CB79}.Debug|Any CPU.Build.0 = Debug|Any CPU
		{F195C94C-BE9D-4FB8-AD40-423055C1CB79}.Release|Any CPU.ActiveCfg = Release|Any CPU
		{F195C94C-BE9D-4FB8-AD40-423055C1CB79}.Release|Any CPU.Build.0 = Release|Any CPU
		{651F1D15-70BE-48C7-983C-4947623BEE5A}.Debug|Any CPU.ActiveCfg = Debug|Any CPU
		{651F1D15-70BE-48C7-983C-4947623BEE5A}.Debug|Any CPU.Build.0 = Debug|Any CPU
		{651F1D15-70BE-48C7-983C-4947623BEE5A}.Release|Any CPU.ActiveCfg = Release|Any CPU
		{651F1D15-70BE-48C7-983C-4947623BEE5A}.Release|Any CPU.Build.0 = Release|Any CPU
	EndGlobalSection
	GlobalSection(SolutionProperties) = preSolution
		HideSolutionNode = FALSE
	EndGlobalSection
	GlobalSection(ExtensibilityGlobals) = postSolution
		SolutionGuid = {73927508-4444-46C1-B31F-B30199158ED7}
	EndGlobalSection
EndGlobal
